
Microsoft Visual Studio Solution File, Format Version 12.00
# Visual Studio Version 17
VisualStudioVersion = 17.6.33712.159
MinimumVisualStudioVersion = 10.0.40219.1
Project("{9A19103F-16F7-4668-BE54-9A1E7A4F7556}") = "CrispChat.Net", "CrispChat.Net\CrispChat.Net.csproj", "{153F02C9-A0E1-409E-BFB6-9CC83058E65B}"
EndProject
Global
	GlobalSection(SolutionConfigurationPlatforms) = preSolution
		Debug|Any CPU = Debug|Any CPU
		Release|Any CPU = Release|Any CPU
	EndGlobalSection
	GlobalSection(ProjectConfigurationPlatforms) = postSolution
		{153F02C9-A0E1-409E-BFB6-9CC83058E65B}.Debug|Any CPU.ActiveCfg = Debug|Any CPU
		{153F02C9-A0E1-409E-BFB6-9CC83058E65B}.Debug|Any CPU.Build.0 = Debug|Any CPU
		{153F02C9-A0E1-409E-BFB6-9CC83058E65B}.Release|Any CPU.ActiveCfg = Release|Any CPU
		{153F02C9-A0E1-409E-BFB6-9CC83058E65B}.Release|Any CPU.Build.0 = Release|Any CPU
	EndGlobalSection
	GlobalSection(SolutionProperties) = preSolution
		HideSolutionNode = FALSE
	EndGlobalSection
	GlobalSection(ExtensibilityGlobals) = postSolution
		SolutionGuid = {49DDBA94-A74C-4F9E-806C-D01202E40594}
	EndGlobalSection
EndGlobal
